
Microsoft Visual Studio Solution File, Format Version 12.00
# Visual Studio 15
Project("{FAE04EC0-301F-11D3-BF4B-00C04F79EFBC}") = "Assembly-CSharp", "Assembly-CSharp.csproj", "{7990A110-0C9B-8291-D6F7-D1F12EEF23AE}"
EndProject
Global
	GlobalSection(SolutionConfigurationPlatforms) = preSolution
		Debug|Any CPU = Debug|Any CPU
		Release|Any CPU = Release|Any CPU
	EndGlobalSection
	GlobalSection(ProjectConfigurationPlatforms) = postSolution
		{7990A110-0C9B-8291-D6F7-D1F12EEF23AE}.Debug|Any CPU.ActiveCfg = Debug|Any CPU
		{7990A110-0C9B-8291-D6F7-D1F12EEF23AE}.Debug|Any CPU.Build.0 = Debug|Any CPU
		{7990A110-0C9B-8291-D6F7-D1F12EEF23AE}.Release|Any CPU.ActiveCfg = Release|Any CPU
		{7990A110-0C9B-8291-D6F7-D1F12EEF23AE}.Release|Any CPU.Build.0 = Release|Any CPU
	EndGlobalSection
	GlobalSection(SolutionProperties) = preSolution
		HideSolutionNode = FALSE
	EndGlobalSection
EndGlobal
